
Microsoft Visual Studio Solution File, Format Version 12.00
# Visual Studio Version 17
VisualStudioVersion = 17.6.33815.320
MinimumVisualStudioVersion = 10.0.40219.1
Project("{FAE04EC0-301F-11D3-BF4B-00C04F79EFBC}") = "BlogProject", "BlogProject.csproj", "{A0B68F93-89A5-4CBE-83A9-168AA8709832}"
EndProject
Global
	GlobalSection(SolutionConfigurationPlatforms) = preSolution
		Debug|Any CPU = Debug|Any CPU
		Release|Any CPU = Release|Any CPU
	EndGlobalSection
	GlobalSection(ProjectConfigurationPlatforms) = postSolution
		{A0B68F93-89A5-4CBE-83A9-168AA8709832}.Debug|Any CPU.ActiveCfg = Debug|Any CPU
		{A0B68F93-89A5-4CBE-83A9-168AA8709832}.Debug|Any CPU.Build.0 = Debug|Any CPU
		{A0B68F93-89A5-4CBE-83A9-168AA8709832}.Release|Any CPU.ActiveCfg = Release|Any CPU
		{A0B68F93-89A5-4CBE-83A9-168AA8709832}.Release|Any CPU.Build.0 = Release|Any CPU
	EndGlobalSection
	GlobalSection(SolutionProperties) = preSolution
		HideSolutionNode = FALSE
	EndGlobalSection
	GlobalSection(ExtensibilityGlobals) = postSolution
		SolutionGuid = {C418EEAD-4522-4F77-88C2-726740D071D3}
	EndGlobalSection
EndGlobal
